// !$*UTF8*$!
{
	archiveVersion = 1;
	classes = {
	};
	objectVersion = 50;
	objects = {

/* Begin PBXBuildFile section */
		A20ABEBE25951D8F003465C3 /* ARMeshClassification+Colour.swift in Sources */ = {isa = PBXBuildFile; fileRef = A20ABEBD25951D8F003465C3 /* ARMeshClassification+Colour.swift */; };
		D60363E32593BEA700795130 /* Main.storyboard in Resources */ = {isa = PBXBuildFile; fileRef = D60363E22593BEA700795130 /* Main.storyboard */; };
		D60BFADE2590E3EF00E8FE85 /* AppDelegate.swift in Sources */ = {isa = PBXBuildFile; fileRef = D60BFADD2590E3EF00E8FE85 /* AppDelegate.swift */; };
		D60BFAE02590E3EF00E8FE85 /* ViewController.swift in Sources */ = {isa = PBXBuildFile; fileRef = D60BFADF2590E3EF00E8FE85 /* ViewController.swift */; };
		D60BFAE22590E3EF00E8FE85 /* Experience.rcproject in Sources */ = {isa = PBXBuildFile; fileRef = D60BFAE12590E3EF00E8FE85 /* Experience.rcproject */; };
		D60BFAE72590E3F000E8FE85 /* Assets.xcassets in Resources */ = {isa = PBXBuildFile; fileRef = D60BFAE62590E3F000E8FE85 /* Assets.xcassets */; };
		D60BFAEA2590E3F000E8FE85 /* LaunchScreen.storyboard in Resources */ = {isa = PBXBuildFile; fileRef = D60BFAE82590E3F000E8FE85 /* LaunchScreen.storyboard */; };
		D60BFAF52590E3F000E8FE85 /* lidar_scannerTests.swift in Sources */ = {isa = PBXBuildFile; fileRef = D60BFAF42590E3F000E8FE85 /* lidar_scannerTests.swift */; };
		D60BFB002590E3F000E8FE85 /* lidar_scannerUITests.swift in Sources */ = {isa = PBXBuildFile; fileRef = D60BFAFF2590E3F000E8FE85 /* lidar_scannerUITests.swift */; };
/* End PBXBuildFile section */

/* Begin PBXContainerItemProxy section */
		D60BFAF12590E3F000E8FE85 /* PBXContainerItemProxy */ = {
			isa = PBXContainerItemProxy;
			containerPortal = D60BFAD22590E3EF00E8FE85 /* Project object */;
			proxyType = 1;
			remoteGlobalIDString = D60BFAD92590E3EF00E8FE85;
			remoteInfo = lidar_scanner;
		};
		D60BFAFC2590E3F000E8FE85 /* PBXContainerItemProxy */ = {
			isa = PBXContainerItemProxy;
			containerPortal = D60BFAD22590E3EF00E8FE85 /* Project object */;
			proxyType = 1;
			remoteGlobalIDString = D60BFAD92590E3EF00E8FE85;
			remoteInfo = lidar_scanner;
		};
/* End PBXContainerItemProxy section */

/* Begin PBXFileReference section */
		A20ABEBD25951D8F003465C3 /* ARMeshClassification+Colour.swift */ = {isa = PBXFileReference; lastKnownFileType = sourcecode.swift; path = "ARMeshClassification+Colour.swift"; sourceTree = "<group>"; };
		D60363E22593BEA700795130 /* Main.storyboard */ = {isa = PBXFileReference; fileEncoding = 4; lastKnownFileType = file.storyboard; path = Main.storyboard; sourceTree = "<group>"; };
		D60BFADA2590E3EF00E8FE85 /* lidar_scanner.app */ = {isa = PBXFileReference; explicitFileType = wrapper.application; includeInIndex = 0; path = lidar_scanner.app; sourceTree = BUILT_PRODUCTS_DIR; };
		D60BFADD2590E3EF00E8FE85 /* AppDelegate.swift */ = {isa = PBXFileReference; lastKnownFileType = sourcecode.swift; path = AppDelegate.swift; sourceTree = "<group>"; };
		D60BFADF2590E3EF00E8FE85 /* ViewController.swift */ = {isa = PBXFileReference; lastKnownFileType = sourcecode.swift; path = ViewController.swift; sourceTree = "<group>"; };
		D60BFAE12590E3EF00E8FE85 /* Experience.rcproject */ = {isa = PBXFileReference; lastKnownFileType = file.rcproject; path = Experience.rcproject; sourceTree = "<group>"; };
		D60BFAE62590E3F000E8FE85 /* Assets.xcassets */ = {isa = PBXFileReference; lastKnownFileType = folder.assetcatalog; path = Assets.xcassets; sourceTree = "<group>"; };
		D60BFAE92590E3F000E8FE85 /* Base */ = {isa = PBXFileReference; lastKnownFileType = file.storyboard; name = Base; path = Base.lproj/LaunchScreen.storyboard; sourceTree = "<group>"; };
		D60BFAEB2590E3F000E8FE85 /* Info.plist */ = {isa = PBXFileReference; lastKnownFileType = text.plist.xml; path = Info.plist; sourceTree = "<group>"; };
		D60BFAF02590E3F000E8FE85 /* lidar_scannerTests.xctest */ = {isa = PBXFileReference; explicitFileType = wrapper.cfbundle; includeInIndex = 0; path = lidar_scannerTests.xctest; sourceTree = BUILT_PRODUCTS_DIR; };
		D60BFAF42590E3F000E8FE85 /* lidar_scannerTests.swift */ = {isa = PBXFileReference; lastKnownFileType = sourcecode.swift; path = lidar_scannerTests.swift; sourceTree = "<group>"; };
		D60BFAF62590E3F000E8FE85 /* Info.plist */ = {isa = PBXFileReference; lastKnownFileType = text.plist.xml; path = Info.plist; sourceTree = "<group>"; };
		D60BFAFB2590E3F000E8FE85 /* lidar_scannerUITests.xctest */ = {isa = PBXFileReference; explicitFileType = wrapper.cfbundle; includeInIndex = 0; path = lidar_scannerUITests.xctest; sourceTree = BUILT_PRODUCTS_DIR; };
		D60BFAFF2590E3F000E8FE85 /* lidar_scannerUITests.swift */ = {isa = PBXFileReference; lastKnownFileType = sourcecode.swift; path = lidar_scannerUITests.swift; sourceTree = "<group>"; };
		D60BFB012590E3F000E8FE85 /* Info.plist */ = {isa = PBXFileReference; lastKnownFileType = text.plist.xml; path = Info.plist; sourceTree = "<group>"; };
/* End PBXFileReference section */

/* Begin PBXFrameworksBuildPhase section */
		D60BFAD72590E3EF00E8FE85 /* Frameworks */ = {
			isa = PBXFrameworksBuildPhase;
			buildActionMask = 2147483647;
			files = (
			);
			runOnlyForDeploymentPostprocessing = 0;
		};
		D60BFAED2590E3F000E8FE85 /* Frameworks */ = {
			isa = PBXFrameworksBuildPhase;
			buildActionMask = 2147483647;
			files = (
			);
			runOnlyForDeploymentPostprocessing = 0;
		};
		D60BFAF82590E3F000E8FE85 /* Frameworks */ = {
			isa = PBXFrameworksBuildPhase;
			buildActionMask = 2147483647;
			files = (
			);
			runOnlyForDeploymentPostprocessing = 0;
		};
/* End PBXFrameworksBuildPhase section */

/* Begin PBXGroup section */
		A20ABEA12594EC9A003465C3 /* Controller */ = {
			isa = PBXGroup;
			children = (
				D60BFADF2590E3EF00E8FE85 /* ViewController.swift */,
			);
			path = Controller;
			sourceTree = "<group>";
		};
		A20ABEA52594ECA9003465C3 /* View */ = {
			isa = PBXGroup;
			children = (
				D60363E22593BEA700795130 /* Main.storyboard */,
			);
			path = View;
			sourceTree = "<group>";
		};
		A20ABEAB2594ED45003465C3 /* Model */ = {
			isa = PBXGroup;
			children = (
			);
			path = Model;
			sourceTree = "<group>";
		};
		A20ABEEE25951DB5003465C3 /* Extensions */ = {
			isa = PBXGroup;
			children = (
				A20ABEBD25951D8F003465C3 /* ARMeshClassification+Colour.swift */,
			);
			path = Extensions;
			sourceTree = "<group>";
		};
		D60BFAD12590E3EF00E8FE85 = {
			isa = PBXGroup;
			children = (
				D60BFADC2590E3EF00E8FE85 /* lidar_scanner */,
				D60BFAF32590E3F000E8FE85 /* lidar_scannerTests */,
				D60BFAFE2590E3F000E8FE85 /* lidar_scannerUITests */,
				D60BFADB2590E3EF00E8FE85 /* Products */,
			);
			sourceTree = "<group>";
		};
		D60BFADB2590E3EF00E8FE85 /* Products */ = {
			isa = PBXGroup;
			children = (
				D60BFADA2590E3EF00E8FE85 /* lidar_scanner.app */,
				D60BFAF02590E3F000E8FE85 /* lidar_scannerTests.xctest */,
				D60BFAFB2590E3F000E8FE85 /* lidar_scannerUITests.xctest */,
			);
			name = Products;
			sourceTree = "<group>";
		};
		D60BFADC2590E3EF00E8FE85 /* lidar_scanner */ = {
			isa = PBXGroup;
			children = (
				A20ABEEE25951DB5003465C3 /* Extensions */,
				A20ABEAB2594ED45003465C3 /* Model */,
				A20ABEA12594EC9A003465C3 /* Controller */,
				A20ABEA52594ECA9003465C3 /* View */,
				D60BFADD2590E3EF00E8FE85 /* AppDelegate.swift */,
				D60BFAE12590E3EF00E8FE85 /* Experience.rcproject */,
				D60BFAE62590E3F000E8FE85 /* Assets.xcassets */,
				D60BFAE82590E3F000E8FE85 /* LaunchScreen.storyboard */,
				D60BFAEB2590E3F000E8FE85 /* Info.plist */,
			);
			path = lidar_scanner;
			sourceTree = "<group>";
		};
		D60BFAF32590E3F000E8FE85 /* lidar_scannerTests */ = {
			isa = PBXGroup;
			children = (
				D60BFAF42590E3F000E8FE85 /* lidar_scannerTests.swift */,
				D60BFAF62590E3F000E8FE85 /* Info.plist */,
			);
			path = lidar_scannerTests;
			sourceTree = "<group>";
		};
		D60BFAFE2590E3F000E8FE85 /* lidar_scannerUITests */ = {
			isa = PBXGroup;
			children = (
				D60BFAFF2590E3F000E8FE85 /* lidar_scannerUITests.swift */,
				D60BFB012590E3F000E8FE85 /* Info.plist */,
			);
			path = lidar_scannerUITests;
			sourceTree = "<group>";
		};
/* End PBXGroup section */

/* Begin PBXNativeTarget section */
		D60BFAD92590E3EF00E8FE85 /* lidar_scanner */ = {
			isa = PBXNativeTarget;
			buildConfigurationList = D60BFB042590E3F000E8FE85 /* Build configuration list for PBXNativeTarget "lidar_scanner" */;
			buildPhases = (
				D60BFAD62590E3EF00E8FE85 /* Sources */,
				D60BFAD72590E3EF00E8FE85 /* Frameworks */,
				D60BFAD82590E3EF00E8FE85 /* Resources */,
			);
			buildRules = (
			);
			dependencies = (
			);
			name = lidar_scanner;
			productName = lidar_scanner;
			productReference = D60BFADA2590E3EF00E8FE85 /* lidar_scanner.app */;
			productType = "com.apple.product-type.application";
		};
		D60BFAEF2590E3F000E8FE85 /* lidar_scannerTests */ = {
			isa = PBXNativeTarget;
			buildConfigurationList = D60BFB072590E3F000E8FE85 /* Build configuration list for PBXNativeTarget "lidar_scannerTests" */;
			buildPhases = (
				D60BFAEC2590E3F000E8FE85 /* Sources */,
				D60BFAED2590E3F000E8FE85 /* Frameworks */,
				D60BFAEE2590E3F000E8FE85 /* Resources */,
			);
			buildRules = (
			);
			dependencies = (
				D60BFAF22590E3F000E8FE85 /* PBXTargetDependency */,
			);
			name = lidar_scannerTests;
			productName = lidar_scannerTests;
			productReference = D60BFAF02590E3F000E8FE85 /* lidar_scannerTests.xctest */;
			productType = "com.apple.product-type.bundle.unit-test";
		};
		D60BFAFA2590E3F000E8FE85 /* lidar_scannerUITests */ = {
			isa = PBXNativeTarget;
			buildConfigurationList = D60BFB0A2590E3F000E8FE85 /* Build configuration list for PBXNativeTarget "lidar_scannerUITests" */;
			buildPhases = (
				D60BFAF72590E3F000E8FE85 /* Sources */,
				D60BFAF82590E3F000E8FE85 /* Frameworks */,
				D60BFAF92590E3F000E8FE85 /* Resources */,
			);
			buildRules = (
			);
			dependencies = (
				D60BFAFD2590E3F000E8FE85 /* PBXTargetDependency */,
			);
			name = lidar_scannerUITests;
			productName = lidar_scannerUITests;
			productReference = D60BFAFB2590E3F000E8FE85 /* lidar_scannerUITests.xctest */;
			productType = "com.apple.product-type.bundle.ui-testing";
		};
/* End PBXNativeTarget section */

/* Begin PBXProject section */
		D60BFAD22590E3EF00E8FE85 /* Project object */ = {
			isa = PBXProject;
			attributes = {
				LastSwiftUpdateCheck = 1230;
				LastUpgradeCheck = 1230;
				TargetAttributes = {
					D60BFAD92590E3EF00E8FE85 = {
						CreatedOnToolsVersion = 12.3;
					};
					D60BFAEF2590E3F000E8FE85 = {
						CreatedOnToolsVersion = 12.3;
						TestTargetID = D60BFAD92590E3EF00E8FE85;
					};
					D60BFAFA2590E3F000E8FE85 = {
						CreatedOnToolsVersion = 12.3;
						TestTargetID = D60BFAD92590E3EF00E8FE85;
					};
				};
			};
			buildConfigurationList = D60BFAD52590E3EF00E8FE85 /* Build configuration list for PBXProject "lidar_scanner" */;
			compatibilityVersion = "Xcode 9.3";
			developmentRegion = en;
			hasScannedForEncodings = 0;
			knownRegions = (
				en,
				Base,
			);
			mainGroup = D60BFAD12590E3EF00E8FE85;
			productRefGroup = D60BFADB2590E3EF00E8FE85 /* Products */;
			projectDirPath = "";
			projectRoot = "";
			targets = (
				D60BFAD92590E3EF00E8FE85 /* lidar_scanner */,
				D60BFAEF2590E3F000E8FE85 /* lidar_scannerTests */,
				D60BFAFA2590E3F000E8FE85 /* lidar_scannerUITests */,
			);
		};
/* End PBXProject section */

/* Begin PBXResourcesBuildPhase section */
		D60BFAD82590E3EF00E8FE85 /* Resources */ = {
			isa = PBXResourcesBuildPhase;
			buildActionMask = 2147483647;
			files = (
				D60363E32593BEA700795130 /* Main.storyboard in Resources */,
				D60BFAEA2590E3F000E8FE85 /* LaunchScreen.storyboard in Resources */,
				D60BFAE72590E3F000E8FE85 /* Assets.xcassets in Resources */,
			);
			runOnlyForDeploymentPostprocessing = 0;
		};
		D60BFAEE2590E3F000E8FE85 /* Resources */ = {
			isa = PBXResourcesBuildPhase;
			buildActionMask = 2147483647;
			files = (
			);
			runOnlyForDeploymentPostprocessing = 0;
		};
		D60BFAF92590E3F000E8FE85 /* Resources */ = {
			isa = PBXResourcesBuildPhase;
			buildActionMask = 2147483647;
			files = (
			);
			runOnlyForDeploymentPostprocessing = 0;
		};
/* End PBXResourcesBuildPhase section */

/* Begin PBXSourcesBuildPhase section */
		D60BFAD62590E3EF00E8FE85 /* Sources */ = {
			isa = PBXSourcesBuildPhase;
			buildActionMask = 2147483647;
			files = (
				D60BFAE02590E3EF00E8FE85 /* ViewController.swift in Sources */,
				A20ABEBE25951D8F003465C3 /* ARMeshClassification+Colour.swift in Sources */,
				D60BFADE2590E3EF00E8FE85 /* AppDelegate.swift in Sources */,
				D60BFAE22590E3EF00E8FE85 /* Experience.rcproject in Sources */,
			);
			runOnlyForDeploymentPostprocessing = 0;
		};
		D60BFAEC2590E3F000E8FE85 /* Sources */ = {
			isa = PBXSourcesBuildPhase;
			buildActionMask = 2147483647;
			files = (
				D60BFAF52590E3F000E8FE85 /* lidar_scannerTests.swift in Sources */,
			);
			runOnlyForDeploymentPostprocessing = 0;
		};
		D60BFAF72590E3F000E8FE85 /* Sources */ = {
			isa = PBXSourcesBuildPhase;
			buildActionMask = 2147483647;
			files = (
				D60BFB002590E3F000E8FE85 /* lidar_scannerUITests.swift in Sources */,
			);
			runOnlyForDeploymentPostprocessing = 0;
		};
/* End PBXSourcesBuildPhase section */

/* Begin PBXTargetDependency section */
		D60BFAF22590E3F000E8FE85 /* PBXTargetDependency */ = {
			isa = PBXTargetDependency;
			target = D60BFAD92590E3EF00E8FE85 /* lidar_scanner */;
			targetProxy = D60BFAF12590E3F000E8FE85 /* PBXContainerItemProxy */;
		};
		D60BFAFD2590E3F000E8FE85 /* PBXTargetDependency */ = {
			isa = PBXTargetDependency;
			target = D60BFAD92590E3EF00E8FE85 /* lidar_scanner */;
			targetProxy = D60BFAFC2590E3F000E8FE85 /* PBXContainerItemProxy */;
		};
/* End PBXTargetDependency section */

/* Begin PBXVariantGroup section */
		D60BFAE82590E3F000E8FE85 /* LaunchScreen.storyboard */ = {
			isa = PBXVariantGroup;
			children = (
				D60BFAE92590E3F000E8FE85 /* Base */,
			);
			name = LaunchScreen.storyboard;
			sourceTree = "<group>";
		};
/* End PBXVariantGroup section */

/* Begin XCBuildConfiguration section */
		D60BFB022590E3F000E8FE85 /* Debug */ = {
			isa = XCBuildConfiguration;
			buildSettings = {
				ALWAYS_SEARCH_USER_PATHS = NO;
				CLANG_ANALYZER_NONNULL = YES;
				CLANG_ANALYZER_NUMBER_OBJECT_CONVERSION = YES_AGGRESSIVE;
				CLANG_CXX_LANGUAGE_STANDARD = "gnu++14";
				CLANG_CXX_LIBRARY = "libc++";
				CLANG_ENABLE_MODULES = YES;
				CLANG_ENABLE_OBJC_ARC = YES;
				CLANG_ENABLE_OBJC_WEAK = YES;
				CLANG_WARN_BLOCK_CAPTURE_AUTORELEASING = YES;
				CLANG_WARN_BOOL_CONVERSION = YES;
				CLANG_WARN_COMMA = YES;
				CLANG_WARN_CONSTANT_CONVERSION = YES;
				CLANG_WARN_DEPRECATED_OBJC_IMPLEMENTATIONS = YES;
				CLANG_WARN_DIRECT_OBJC_ISA_USAGE = YES_ERROR;
				CLANG_WARN_DOCUMENTATION_COMMENTS = YES;
				CLANG_WARN_EMPTY_BODY = YES;
				CLANG_WARN_ENUM_CONVERSION = YES;
				CLANG_WARN_INFINITE_RECURSION = YES;
				CLANG_WARN_INT_CONVERSION = YES;
				CLANG_WARN_NON_LITERAL_NULL_CONVERSION = YES;
				CLANG_WARN_OBJC_IMPLICIT_RETAIN_SELF = YES;
				CLANG_WARN_OBJC_LITERAL_CONVERSION = YES;
				CLANG_WARN_OBJC_ROOT_CLASS = YES_ERROR;
				CLANG_WARN_QUOTED_INCLUDE_IN_FRAMEWORK_HEADER = YES;
				CLANG_WARN_RANGE_LOOP_ANALYSIS = YES;
				CLANG_WARN_STRICT_PROTOTYPES = YES;
				CLANG_WARN_SUSPICIOUS_MOVE = YES;
				CLANG_WARN_UNGUARDED_AVAILABILITY = YES_AGGRESSIVE;
				CLANG_WARN_UNREACHABLE_CODE = YES;
				CLANG_WARN__DUPLICATE_METHOD_MATCH = YES;
				COPY_PHASE_STRIP = NO;
				DEBUG_INFORMATION_FORMAT = dwarf;
				ENABLE_STRICT_OBJC_MSGSEND = YES;
				ENABLE_TESTABILITY = YES;
				GCC_C_LANGUAGE_STANDARD = gnu11;
				GCC_DYNAMIC_NO_PIC = NO;
				GCC_NO_COMMON_BLOCKS = YES;
				GCC_OPTIMIZATION_LEVEL = 0;
				GCC_PREPROCESSOR_DEFINITIONS = (
					"DEBUG=1",
					"$(inherited)",
				);
				GCC_WARN_64_TO_32_BIT_CONVERSION = YES;
				GCC_WARN_ABOUT_RETURN_TYPE = YES_ERROR;
				GCC_WARN_UNDECLARED_SELECTOR = YES;
				GCC_WARN_UNINITIALIZED_AUTOS = YES_AGGRESSIVE;
				GCC_WARN_UNUSED_FUNCTION = YES;
				GCC_WARN_UNUSED_VARIABLE = YES;
				IPHONEOS_DEPLOYMENT_TARGET = 14.3;
				MTL_ENABLE_DEBUG_INFO = INCLUDE_SOURCE;
				MTL_FAST_MATH = YES;
				ONLY_ACTIVE_ARCH = YES;
				SDKROOT = iphoneos;
				SWIFT_ACTIVE_COMPILATION_CONDITIONS = DEBUG;
				SWIFT_OPTIMIZATION_LEVEL = "-Onone";
			};
			name = Debug;
		};
		D60BFB032590E3F000E8FE85 /* Release */ = {
			isa = XCBuildConfiguration;
			buildSettings = {
				ALWAYS_SEARCH_USER_PATHS = NO;
				CLANG_ANALYZER_NONNULL = YES;
				CLANG_ANALYZER_NUMBER_OBJECT_CONVERSION = YES_AGGRESSIVE;
				CLANG_CXX_LANGUAGE_STANDARD = "gnu++14";
				CLANG_CXX_LIBRARY = "libc++";
				CLANG_ENABLE_MODULES = YES;
				CLANG_ENABLE_OBJC_ARC = YES;
				CLANG_ENABLE_OBJC_WEAK = YES;
				CLANG_WARN_BLOCK_CAPTURE_AUTORELEASING = YES;
				CLANG_WARN_BOOL_CONVERSION = YES;
				CLANG_WARN_COMMA = YES;
				CLANG_WARN_CONSTANT_CONVERSION = YES;
				CLANG_WARN_DEPRECATED_OBJC_IMPLEMENTATIONS = YES;
				CLANG_WARN_DIRECT_OBJC_ISA_USAGE = YES_ERROR;
				CLANG_WARN_DOCUMENTATION_COMMENTS = YES;
				CLANG_WARN_EMPTY_BODY = YES;
				CLANG_WARN_ENUM_CONVERSION = YES;
				CLANG_WARN_INFINITE_RECURSION = YES;
				CLANG_WARN_INT_CONVERSION = YES;
				CLANG_WARN_NON_LITERAL_NULL_CONVERSION = YES;
				CLANG_WARN_OBJC_IMPLICIT_RETAIN_SELF = YES;
				CLANG_WARN_OBJC_LITERAL_CONVERSION = YES;
				CLANG_WARN_OBJC_ROOT_CLASS = YES_ERROR;
				CLANG_WARN_QUOTED_INCLUDE_IN_FRAMEWORK_HEADER = YES;
				CLANG_WARN_RANGE_LOOP_ANALYSIS = YES;
				CLANG_WARN_STRICT_PROTOTYPES = YES;
				CLANG_WARN_SUSPICIOUS_MOVE = YES;
				CLANG_WARN_UNGUARDED_AVAILABILITY = YES_AGGRESSIVE;
				CLANG_WARN_UNREACHABLE_CODE = YES;
				CLANG_WARN__DUPLICATE_METHOD_MATCH = YES;
				COPY_PHASE_STRIP = NO;
				DEBUG_INFORMATION_FORMAT = "dwarf-with-dsym";
				ENABLE_NS_ASSERTIONS = NO;
				ENABLE_STRICT_OBJC_MSGSEND = YES;
				GCC_C_LANGUAGE_STANDARD = gnu11;
				GCC_NO_COMMON_BLOCKS = YES;
				GCC_WARN_64_TO_32_BIT_CONVERSION = YES;
				GCC_WARN_ABOUT_RETURN_TYPE = YES_ERROR;
				GCC_WARN_UNDECLARED_SELECTOR = YES;
				GCC_WARN_UNINITIALIZED_AUTOS = YES_AGGRESSIVE;
				GCC_WARN_UNUSED_FUNCTION = YES;
				GCC_WARN_UNUSED_VARIABLE = YES;
				IPHONEOS_DEPLOYMENT_TARGET = 14.3;
				MTL_ENABLE_DEBUG_INFO = NO;
				MTL_FAST_MATH = YES;
				SDKROOT = iphoneos;
				SWIFT_COMPILATION_MODE = wholemodule;
				SWIFT_OPTIMIZATION_LEVEL = "-O";
				VALIDATE_PRODUCT = YES;
			};
			name = Release;
		};
		D60BFB052590E3F000E8FE85 /* Debug */ = {
			isa = XCBuildConfiguration;
			buildSettings = {
				ASSETCATALOG_COMPILER_APPICON_NAME = AppIcon;
				ASSETCATALOG_COMPILER_GLOBAL_ACCENT_COLOR_NAME = AccentColor;
				CODE_SIGN_STYLE = Automatic;
				DEVELOPMENT_TEAM = 9XGP9PTQRN;
				INFOPLIST_FILE = lidar_scanner/Info.plist;
				LD_RUNPATH_SEARCH_PATHS = (
					"$(inherited)",
					"@executable_path/Frameworks",
				);
				PRODUCT_BUNDLE_IDENTIFIER = "com.alvintham.lidar-scanner";
				PRODUCT_NAME = "$(TARGET_NAME)";
				SWIFT_VERSION = 5.0;
				TARGETED_DEVICE_FAMILY = "1,2";
			};
			name = Debug;
		};
		D60BFB062590E3F000E8FE85 /* Release */ = {
			isa = XCBuildConfiguration;
			buildSettings = {
				ASSETCATALOG_COMPILER_APPICON_NAME = AppIcon;
				ASSETCATALOG_COMPILER_GLOBAL_ACCENT_COLOR_NAME = AccentColor;
				CODE_SIGN_STYLE = Automatic;
				DEVELOPMENT_TEAM = 9XGP9PTQRN;
				INFOPLIST_FILE = lidar_scanner/Info.plist;
				LD_RUNPATH_SEARCH_PATHS = (
					"$(inherited)",
					"@executable_path/Frameworks",
				);
				PRODUCT_BUNDLE_IDENTIFIER = "com.alvintham.lidar-scanner";
				PRODUCT_NAME = "$(TARGET_NAME)";
				SWIFT_VERSION = 5.0;
				TARGETED_DEVICE_FAMILY = "1,2";
			};
			name = Release;
		};
		D60BFB082590E3F000E8FE85 /* Debug */ = {
			isa = XCBuildConfiguration;
			buildSettings = {
				ALWAYS_EMBED_SWIFT_STANDARD_LIBRARIES = YES;
				BUNDLE_LOADER = "$(TEST_HOST)";
				CODE_SIGN_STYLE = Automatic;
				DEVELOPMENT_TEAM = 9XGP9PTQRN;
				INFOPLIST_FILE = lidar_scannerTests/Info.plist;
				IPHONEOS_DEPLOYMENT_TARGET = 14.3;
				LD_RUNPATH_SEARCH_PATHS = (
					"$(inherited)",
					"@executable_path/Frameworks",
					"@loader_path/Frameworks",
				);
				PRODUCT_BUNDLE_IDENTIFIER = "com.alvintham.lidar-scannerTests";
				PRODUCT_NAME = "$(TARGET_NAME)";
				SWIFT_VERSION = 5.0;
				TARGETED_DEVICE_FAMILY = "1,2";
				TEST_HOST = "$(BUILT_PRODUCTS_DIR)/lidar_scanner.app/lidar_scanner";
			};
			name = Debug;
		};
		D60BFB092590E3F000E8FE85 /* Release */ = {
			isa = XCBuildConfiguration;
			buildSettings = {
				ALWAYS_EMBED_SWIFT_STANDARD_LIBRARIES = YES;
				BUNDLE_LOADER = "$(TEST_HOST)";
				CODE_SIGN_STYLE = Automatic;
				DEVELOPMENT_TEAM = 9XGP9PTQRN;
				INFOPLIST_FILE = lidar_scannerTests/Info.plist;
				IPHONEOS_DEPLOYMENT_TARGET = 14.3;
				LD_RUNPATH_SEARCH_PATHS = (
					"$(inherited)",
					"@executable_path/Frameworks",
					"@loader_path/Frameworks",
				);
				PRODUCT_BUNDLE_IDENTIFIER = "com.alvintham.lidar-scannerTests";
				PRODUCT_NAME = "$(TARGET_NAME)";
				SWIFT_VERSION = 5.0;
				TARGETED_DEVICE_FAMILY = "1,2";
				TEST_HOST = "$(BUILT_PRODUCTS_DIR)/lidar_scanner.app/lidar_scanner";
			};
			name = Release;
		};
		D60BFB0B2590E3F000E8FE85 /* Debug */ = {
			isa = XCBuildConfiguration;
			buildSettings = {
				ALWAYS_EMBED_SWIFT_STANDARD_LIBRARIES = YES;
				CODE_SIGN_STYLE = Automatic;
				DEVELOPMENT_TEAM = 9XGP9PTQRN;
				INFOPLIST_FILE = lidar_scannerUITests/Info.plist;
				LD_RUNPATH_SEARCH_PATHS = (
					"$(inherited)",
					"@executable_path/Frameworks",
					"@loader_path/Frameworks",
				);
				PRODUCT_BUNDLE_IDENTIFIER = "com.alvintham.lidar-scannerUITests";
				PRODUCT_NAME = "$(TARGET_NAME)";
				SWIFT_VERSION = 5.0;
				TARGETED_DEVICE_FAMILY = "1,2";
				TEST_TARGET_NAME = lidar_scanner;
			};
			name = Debug;
		};
		D60BFB0C2590E3F000E8FE85 /* Release */ = {
			isa = XCBuildConfiguration;
			buildSettings = {
				ALWAYS_EMBED_SWIFT_STANDARD_LIBRARIES = YES;
				CODE_SIGN_STYLE = Automatic;
				DEVELOPMENT_TEAM = 9XGP9PTQRN;
				INFOPLIST_FILE = lidar_scannerUITests/Info.plist;
				LD_RUNPATH_SEARCH_PATHS = (
					"$(inherited)",
					"@executable_path/Frameworks",
					"@loader_path/Frameworks",
				);
				PRODUCT_BUNDLE_IDENTIFIER = "com.alvintham.lidar-scannerUITests";
				PRODUCT_NAME = "$(TARGET_NAME)";
				SWIFT_VERSION = 5.0;
				TARGETED_DEVICE_FAMILY = "1,2";
				TEST_TARGET_NAME = lidar_scanner;
			};
			name = Release;
		};
/* End XCBuildConfiguration section */

/* Begin XCConfigurationList section */
		D60BFAD52590E3EF00E8FE85 /* Build configuration list for PBXProject "lidar_scanner" */ = {
			isa = XCConfigurationList;
			buildConfigurations = (
				D60BFB022590E3F000E8FE85 /* Debug */,
				D60BFB032590E3F000E8FE85 /* Release */,
			);
			defaultConfigurationIsVisible = 0;
			defaultConfigurationName = Release;
		};
		D60BFB042590E3F000E8FE85 /* Build configuration list for PBXNativeTarget "lidar_scanner" */ = {
			isa = XCConfigurationList;
			buildConfigurations = (
				D60BFB052590E3F000E8FE85 /* Debug */,
				D60BFB062590E3F000E8FE85 /* Release */,
			);
			defaultConfigurationIsVisible = 0;
			defaultConfigurationName = Release;
		};
		D60BFB072590E3F000E8FE85 /* Build configuration list for PBXNativeTarget "lidar_scannerTests" */ = {
			isa = XCConfigurationList;
			buildConfigurations = (
				D60BFB082590E3F000E8FE85 /* Debug */,
				D60BFB092590E3F000E8FE85 /* Release */,
			);
			defaultConfigurationIsVisible = 0;
			defaultConfigurationName = Release;
		};
		D60BFB0A2590E3F000E8FE85 /* Build configuration list for PBXNativeTarget "lidar_scannerUITests" */ = {
			isa = XCConfigurationList;
			buildConfigurations = (
				D60BFB0B2590E3F000E8FE85 /* Debug */,
				D60BFB0C2590E3F000E8FE85 /* Release */,
			);
			defaultConfigurationIsVisible = 0;
			defaultConfigurationName = Release;
		};
/* End XCConfigurationList section */
	};
	rootObject = D60BFAD22590E3EF00E8FE85 /* Project object */;
}
